
Microsoft Visual Studio Solution File, Format Version 12.00
# Visual Studio Version 17
VisualStudioVersion = 17.0.31903.59
MinimumVisualStudioVersion = 10.0.40219.1
Project("{9A19103F-16F7-4668-BE54-9A1E7A4F7556}") = "API", "API\API.csproj", "{FBA4155F-8B10-45ED-A8E8-37DB11E89E36}"
EndProject
Project("{2150E333-8FDC-42A3-9474-1A3956D46DE8}") = "tests", "tests", "{5AE33A41-AE2D-46A1-B1EE-28984E64E6DD}"
EndProject
Project("{9A19103F-16F7-4668-BE54-9A1E7A4F7556}") = "API.Tests", "tests\API.Tests\API.Tests.csproj", "{09EA2728-8BE6-428E-A28C-1BE52D68BAA3}"
EndProject
Global
	GlobalSection(SolutionConfigurationPlatforms) = preSolution
		Debug|Any CPU = Debug|Any CPU
		Release|Any CPU = Release|Any CPU
	EndGlobalSection
	GlobalSection(ProjectConfigurationPlatforms) = postSolution
		{FBA4155F-8B10-45ED-A8E8-37DB11E89E36}.Debug|Any CPU.ActiveCfg = Debug|Any CPU
		{FBA4155F-8B10-45ED-A8E8-37DB11E89E36}.Debug|Any CPU.Build.0 = Debug|Any CPU
		{FBA4155F-8B10-45ED-A8E8-37DB11E89E36}.Release|Any CPU.ActiveCfg = Release|Any CPU
		{FBA4155F-8B10-45ED-A8E8-37DB11E89E36}.Release|Any CPU.Build.0 = Release|Any CPU
		{09EA2728-8BE6-428E-A28C-1BE52D68BAA3}.Debug|Any CPU.ActiveCfg = Debug|Any CPU
		{09EA2728-8BE6-428E-A28C-1BE52D68BAA3}.Debug|Any CPU.Build.0 = Debug|Any CPU
		{09EA2728-8BE6-428E-A28C-1BE52D68BAA3}.Release|Any CPU.ActiveCfg = Release|Any CPU
		{09EA2728-8BE6-428E-A28C-1BE52D68BAA3}.Release|Any CPU.Build.0 = Release|Any CPU
	EndGlobalSection
	GlobalSection(SolutionProperties) = preSolution
		HideSolutionNode = FALSE
	EndGlobalSection
	GlobalSection(NestedProjects) = preSolution
		{09EA2728-8BE6-428E-A28C-1BE52D68BAA3} = {5AE33A41-AE2D-46A1-B1EE-28984E64E6DD}
	EndGlobalSection
	GlobalSection(ExtensibilityGlobals) = postSolution
		SolutionGuid = {FF8E07F9-FEB4-472D-9244-3A4D45219878}
	EndGlobalSection
EndGlobal
