
Microsoft Visual Studio Solution File, Format Version 12.00
# Visual Studio Version 17
VisualStudioVersion = 17.0.31903.59
MinimumVisualStudioVersion = 10.0.40219.1
Project("{FAE04EC0-301F-11D3-BF4B-00C04F79EFBC}") = "API", "API\API.csproj", "{FBA4155F-8B10-45ED-A8E8-37DB11E89E36}"
EndProject
Project("{FAE04EC0-301F-11D3-BF4B-00C04F79EFBC}") = "Tests", "Tests\Tests.csproj", "{446F4F4B-2272-421B-9B28-0DB5169FF32E}"
EndProject
Global
	GlobalSection(SolutionConfigurationPlatforms) = preSolution
		Debug|Any CPU = Debug|Any CPU
		Release|Any CPU = Release|Any CPU
	EndGlobalSection
	GlobalSection(SolutionProperties) = preSolution
		HideSolutionNode = FALSE
	EndGlobalSection
	GlobalSection(ProjectConfigurationPlatforms) = postSolution
		{FBA4155F-8B10-45ED-A8E8-37DB11E89E36}.Debug|Any CPU.ActiveCfg = Debug|Any CPU
		{FBA4155F-8B10-45ED-A8E8-37DB11E89E36}.Debug|Any CPU.Build.0 = Debug|Any CPU
		{FBA4155F-8B10-45ED-A8E8-37DB11E89E36}.Release|Any CPU.ActiveCfg = Release|Any CPU
		{FBA4155F-8B10-45ED-A8E8-37DB11E89E36}.Release|Any CPU.Build.0 = Release|Any CPU
		{446F4F4B-2272-421B-9B28-0DB5169FF32E}.Debug|Any CPU.ActiveCfg = Debug|Any CPU
		{446F4F4B-2272-421B-9B28-0DB5169FF32E}.Debug|Any CPU.Build.0 = Debug|Any CPU
		{446F4F4B-2272-421B-9B28-0DB5169FF32E}.Release|Any CPU.ActiveCfg = Release|Any CPU
		{446F4F4B-2272-421B-9B28-0DB5169FF32E}.Release|Any CPU.Build.0 = Release|Any CPU
	EndGlobalSection
EndGlobal
